
Microsoft Visual Studio Solution File, Format Version 12.00
# Visual Studio Version 16
VisualStudioVersion = 16.0.33927.289
MinimumVisualStudioVersion = 10.0.40219.1
Project("{2150E333-8FDC-42A3-9474-1A3956D46DE8}") = "Task0", "Task0", "{7C5A45CF-5B91-4499-98A3-CB1E70091D41}"
EndProject
Project("{FAE04EC0-301F-11D3-BF4B-00C04F79EFBC}") = "Tyuiu.LebedevIV.Sprint3.Task0.V27", "Tyuiu.LebedevIV.Sprint3.Task0.V27\Tyuiu.LebedevIV.Sprint3.Task0.V27.csproj", "{B6BA7B16-B825-4770-9C63-582B94E819EE}"
EndProject
Project("{FAE04EC0-301F-11D3-BF4B-00C04F79EFBC}") = "Tyuiu.LebedevIV.Sprint3.Task0.V27.Test", "Tyuiu.LebedevIV.Sprint3.Task0.V27.Test\Tyuiu.LebedevIV.Sprint3.Task0.V27.Test.csproj", "{5965783C-B71E-4B4B-AA65-74846B7A89E0}"
EndProject
Project("{FAE04EC0-301F-11D3-BF4B-00C04F79EFBC}") = "Tyuiu.LebedevIV.Sprint3.Task0.V27.Lib", "Tyuiu.LebedevIV.Sprint3.Task0.V27.Lib\Tyuiu.LebedevIV.Sprint3.Task0.V27.Lib.csproj", "{19C98B2A-4F8F-422A-B00A-2D094BA083BE}"
EndProject
Project("{2150E333-8FDC-42A3-9474-1A3956D46DE8}") = "Task1", "Task1", "{6CF1D8C3-B5EC-4299-8547-99C3EEFB4C84}"
EndProject
Project("{FAE04EC0-301F-11D3-BF4B-00C04F79EFBC}") = "Tyuiu.LebedevIV.Sprint3.Task1.V11.Lib", "Tyuiu.LebedevIV.Sprint3.Task1.V11.Lib\Tyuiu.LebedevIV.Sprint3.Task1.V11.Lib.csproj", "{AB9DDF8C-4D10-432C-A5F7-B7AFF3671724}"
EndProject
Project("{FAE04EC0-301F-11D3-BF4B-00C04F79EFBC}") = "Tyuiu.LebedevIV.Sprint3.Task1.V11", "Tyuiu.LebedevIV.Sprint3.Task1.V11\Tyuiu.LebedevIV.Sprint3.Task1.V11.csproj", "{F84A247B-B01D-4B59-842B-D5C26B2E25EE}"
EndProject
Project("{FAE04EC0-301F-11D3-BF4B-00C04F79EFBC}") = "Tyuiu.LebedevIV.Sprint3.Task1.V11.Test", "Tyuiu.LebedevIV.Sprint3.Task1.V11.Test\Tyuiu.LebedevIV.Sprint3.Task1.V11.Test.csproj", "{975B426B-215F-4B5E-971B-1B562C7475E7}"
EndProject
Project("{2150E333-8FDC-42A3-9474-1A3956D46DE8}") = "Task2", "Task2", "{C6245E90-5EBC-43A0-8212-5196A841F509}"
EndProject
Project("{FAE04EC0-301F-11D3-BF4B-00C04F79EFBC}") = "Tyuiu.LebedevIV.Sprint3.Task2.V24", "Tyuiu.LebedevIV.Sprint3.Task2.V24\Tyuiu.LebedevIV.Sprint3.Task2.V24.csproj", "{8787EFF1-2B50-442D-A1D3-3497ECCE77D0}"
EndProject
Project("{FAE04EC0-301F-11D3-BF4B-00C04F79EFBC}") = "Tyuiu.LebedevIV.Sprint3.Task2.V24.Test", "Tyuiu.LebedevIV.Sprint3.Task2.V24.Test\Tyuiu.LebedevIV.Sprint3.Task2.V24.Test.csproj", "{3F4ED87F-5BA8-4400-863A-E907DE88AEBF}"
EndProject
Project("{FAE04EC0-301F-11D3-BF4B-00C04F79EFBC}") = "Tyuiu.LebedevIV.Sprint3.Task2.V24.Lib", "Tyuiu.LebedevIV.Sprint3.Task2.V24.Lib\Tyuiu.LebedevIV.Sprint3.Task2.V24.Lib.csproj", "{B0C282DD-AC09-4620-A86C-A3A93DDBCFBD}"
EndProject
Project("{2150E333-8FDC-42A3-9474-1A3956D46DE8}") = "Task3", "Task3", "{3422BA65-CC1D-4CFB-8E0C-9E19A182A116}"
EndProject
Project("{FAE04EC0-301F-11D3-BF4B-00C04F79EFBC}") = "Tyuiu.LebedevIV.Sprint3.Task3.V2", "Tyuiu.LebedevIV.Sprint3.Task3.V2\Tyuiu.LebedevIV.Sprint3.Task3.V2.csproj", "{7F06106E-4BD6-4D4A-BC97-084E79BF9DEE}"
EndProject
Project("{FAE04EC0-301F-11D3-BF4B-00C04F79EFBC}") = "Tyuiu.LebedevIV.Sprint3.Task3.V2.Lib", "Tyuiu.LebedevIV.Sprint3.Task3.V2.Lib\Tyuiu.LebedevIV.Sprint3.Task3.V2.Lib.csproj", "{D569ABF6-A1CB-4410-81E8-57469AF80AA7}"
EndProject
Project("{FAE04EC0-301F-11D3-BF4B-00C04F79EFBC}") = "Tyuiu.LebedevIV.Sprint3.Task3.V2.Test", "Tyuiu.LebedevIV.Sprint3.Task3.V2.Test\Tyuiu.LebedevIV.Sprint3.Task3.V2.Test.csproj", "{D85F19EC-4349-477D-AD91-76D5EB7D2923}"
EndProject
Project("{2150E333-8FDC-42A3-9474-1A3956D46DE8}") = "Task4", "Task4", "{3158FC86-946A-47F7-935B-FE67347ADD55}"
EndProject
Project("{FAE04EC0-301F-11D3-BF4B-00C04F79EFBC}") = "Tyuiu.LebedevIV.Sprint3.Task4.V28", "Tyuiu.LebedevIV.Sprint3.Task4.V28\Tyuiu.LebedevIV.Sprint3.Task4.V28.csproj", "{D35229A6-080D-4C6D-8BAB-02A2B3625278}"
EndProject
Project("{FAE04EC0-301F-11D3-BF4B-00C04F79EFBC}") = "Tyuiu.LebedevIV.Sprint3.Task4.V28.Test", "Tyuiu.LebedevIV.Sprint3.Task4.V28.Test\Tyuiu.LebedevIV.Sprint3.Task4.V28.Test.csproj", "{89F0F6DB-0B70-48F9-873B-9A54238E243C}"
EndProject
Project("{FAE04EC0-301F-11D3-BF4B-00C04F79EFBC}") = "Tyuiu.LebedevIV.Sprint3.Task4.V28.Lib", "Tyuiu.LebedevIV.Sprint3.Task4.V28.Lib\Tyuiu.LebedevIV.Sprint3.Task4.V28.Lib.csproj", "{A23E06B4-1433-43FB-BB3A-942E80084768}"
EndProject
Project("{2150E333-8FDC-42A3-9474-1A3956D46DE8}") = "Task5", "Task5", "{421BF791-49AC-4F46-B275-53A36A6C8EC6}"
EndProject
Project("{FAE04EC0-301F-11D3-BF4B-00C04F79EFBC}") = "Tyuiu.LebedevIV.Sprint3.Task5.V28", "Tyuiu.LebedevIV.Sprint3.Task5.V28\Tyuiu.LebedevIV.Sprint3.Task5.V28.csproj", "{C9B3C1DC-9AA0-4591-BC7B-22E6BE356FAC}"
EndProject
Project("{FAE04EC0-301F-11D3-BF4B-00C04F79EFBC}") = "Tyuiu.LebedevIV.Sprint3.Task5.V28.Lib", "Tyuiu.LebedevIV.Sprint3.Task5.V28.Lib\Tyuiu.LebedevIV.Sprint3.Task5.V28.Lib.csproj", "{4724ABBE-2921-4660-9B44-C0BD16FE9B20}"
EndProject
Project("{FAE04EC0-301F-11D3-BF4B-00C04F79EFBC}") = "Tyuiu.LebedevIV.Sprint3.Task5.V28.Test", "Tyuiu.LebedevIV.Sprint3.Task5.V28.Test\Tyuiu.LebedevIV.Sprint3.Task5.V28.Test.csproj", "{61861570-990A-4184-9388-966A089D34E9}"
EndProject
Project("{2150E333-8FDC-42A3-9474-1A3956D46DE8}") = "Task6", "Task6", "{F3A986B7-02A8-4BC4-A67C-F395A2E4E3E7}"
EndProject
Project("{FAE04EC0-301F-11D3-BF4B-00C04F79EFBC}") = "Tyuiu.LebedevIV.Sprint3.Task6.V22", "Tyuiu.LebedevIV.Sprint3.Task6.V22\Tyuiu.LebedevIV.Sprint3.Task6.V22.csproj", "{2177402B-C9BC-4D11-9C0C-7423BC063083}"
EndProject
Project("{FAE04EC0-301F-11D3-BF4B-00C04F79EFBC}") = "Tyuiu.LebedevIV.Sprint3.Task6.V22.Test", "Tyuiu.LebedevIV.Sprint3.Task6.V22.Test\Tyuiu.LebedevIV.Sprint3.Task6.V22.Test.csproj", "{877C26F0-D3CF-461C-923D-09B35E187826}"
EndProject
Project("{FAE04EC0-301F-11D3-BF4B-00C04F79EFBC}") = "Tyuiu.LebedevIV.Sprint3.Task6.V22.Lib", "Tyuiu.LebedevIV.Sprint3.Task6.V22.Lib\Tyuiu.LebedevIV.Sprint3.Task6.V22.Lib.csproj", "{481472AE-8B8A-49F8-94BC-18488D78E00B}"
EndProject
Project("{2150E333-8FDC-42A3-9474-1A3956D46DE8}") = "Task7", "Task7", "{24171E48-3EC7-4D93-809B-07144418A3F5}"
EndProject
Project("{FAE04EC0-301F-11D3-BF4B-00C04F79EFBC}") = "Tyuiu.LebedevIV.Sprint3.Task7.V23", "Tyuiu.LebedevIV.Sprint3.Task7.V23\Tyuiu.LebedevIV.Sprint3.Task7.V23.csproj", "{EC048534-CA0A-465B-8731-45FD39EE1A6E}"
EndProject
Project("{FAE04EC0-301F-11D3-BF4B-00C04F79EFBC}") = "Tyuiu.LebedevIV.Sprint3.Task7.V23.Lib", "Tyuiu.LebedevIV.Sprint3.Task7.V23.Lib\Tyuiu.LebedevIV.Sprint3.Task7.V23.Lib.csproj", "{08C39292-2F85-49BE-BED2-007E2EC5719A}"
EndProject
Project("{FAE04EC0-301F-11D3-BF4B-00C04F79EFBC}") = "Tyuiu.LebedevIV.Sprint3.Task7.V23.Test", "Tyuiu.LebedevIV.Sprint3.Task7.V23.Test\Tyuiu.LebedevIV.Sprint3.Task7.V23.Test.csproj", "{3F60DB6B-5E2B-4E30-958A-65D9B9FDFF09}"
EndProject
Global
	GlobalSection(SolutionConfigurationPlatforms) = preSolution
		Debug|Any CPU = Debug|Any CPU
		Release|Any CPU = Release|Any CPU
	EndGlobalSection
	GlobalSection(ProjectConfigurationPlatforms) = postSolution
		{B6BA7B16-B825-4770-9C63-582B94E819EE}.Debug|Any CPU.ActiveCfg = Debug|Any CPU
		{B6BA7B16-B825-4770-9C63-582B94E819EE}.Debug|Any CPU.Build.0 = Debug|Any CPU
		{B6BA7B16-B825-4770-9C63-582B94E819EE}.Release|Any CPU.ActiveCfg = Release|Any CPU
		{B6BA7B16-B825-4770-9C63-582B94E819EE}.Release|Any CPU.Build.0 = Release|Any CPU
		{5965783C-B71E-4B4B-AA65-74846B7A89E0}.Debug|Any CPU.ActiveCfg = Debug|Any CPU
		{5965783C-B71E-4B4B-AA65-74846B7A89E0}.Debug|Any CPU.Build.0 = Debug|Any CPU
		{5965783C-B71E-4B4B-AA65-74846B7A89E0}.Release|Any CPU.ActiveCfg = Release|Any CPU
		{5965783C-B71E-4B4B-AA65-74846B7A89E0}.Release|Any CPU.Build.0 = Release|Any CPU
		{19C98B2A-4F8F-422A-B00A-2D094BA083BE}.Debug|Any CPU.ActiveCfg = Debug|Any CPU
		{19C98B2A-4F8F-422A-B00A-2D094BA083BE}.Debug|Any CPU.Build.0 = Debug|Any CPU
		{19C98B2A-4F8F-422A-B00A-2D094BA083BE}.Release|Any CPU.ActiveCfg = Release|Any CPU
		{19C98B2A-4F8F-422A-B00A-2D094BA083BE}.Release|Any CPU.Build.0 = Release|Any CPU
		{AB9DDF8C-4D10-432C-A5F7-B7AFF3671724}.Debug|Any CPU.ActiveCfg = Debug|Any CPU
		{AB9DDF8C-4D10-432C-A5F7-B7AFF3671724}.Debug|Any CPU.Build.0 = Debug|Any CPU
		{AB9DDF8C-4D10-432C-A5F7-B7AFF3671724}.Release|Any CPU.ActiveCfg = Release|Any CPU
		{AB9DDF8C-4D10-432C-A5F7-B7AFF3671724}.Release|Any CPU.Build.0 = Release|Any CPU
		{F84A247B-B01D-4B59-842B-D5C26B2E25EE}.Debug|Any CPU.ActiveCfg = Debug|Any CPU
		{F84A247B-B01D-4B59-842B-D5C26B2E25EE}.Debug|Any CPU.Build.0 = Debug|Any CPU
		{F84A247B-B01D-4B59-842B-D5C26B2E25EE}.Release|Any CPU.ActiveCfg = Release|Any CPU
		{F84A247B-B01D-4B59-842B-D5C26B2E25EE}.Release|Any CPU.Build.0 = Release|Any CPU
		{975B426B-215F-4B5E-971B-1B562C7475E7}.Debug|Any CPU.ActiveCfg = Debug|Any CPU
		{975B426B-215F-4B5E-971B-1B562C7475E7}.Debug|Any CPU.Build.0 = Debug|Any CPU
		{975B426B-215F-4B5E-971B-1B562C7475E7}.Release|Any CPU.ActiveCfg = Release|Any CPU
		{975B426B-215F-4B5E-971B-1B562C7475E7}.Release|Any CPU.Build.0 = Release|Any CPU
		{8787EFF1-2B50-442D-A1D3-3497ECCE77D0}.Debug|Any CPU.ActiveCfg = Debug|Any CPU
		{8787EFF1-2B50-442D-A1D3-3497ECCE77D0}.Debug|Any CPU.Build.0 = Debug|Any CPU
		{8787EFF1-2B50-442D-A1D3-3497ECCE77D0}.Release|Any CPU.ActiveCfg = Release|Any CPU
		{8787EFF1-2B50-442D-A1D3-3497ECCE77D0}.Release|Any CPU.Build.0 = Release|Any CPU
		{3F4ED87F-5BA8-4400-863A-E907DE88AEBF}.Debug|Any CPU.ActiveCfg = Debug|Any CPU
		{3F4ED87F-5BA8-4400-863A-E907DE88AEBF}.Debug|Any CPU.Build.0 = Debug|Any CPU
		{3F4ED87F-5BA8-4400-863A-E907DE88AEBF}.Release|Any CPU.ActiveCfg = Release|Any CPU
		{3F4ED87F-5BA8-4400-863A-E907DE88AEBF}.Release|Any CPU.Build.0 = Release|Any CPU
		{B0C282DD-AC09-4620-A86C-A3A93DDBCFBD}.Debug|Any CPU.ActiveCfg = Debug|Any CPU
		{B0C282DD-AC09-4620-A86C-A3A93DDBCFBD}.Debug|Any CPU.Build.0 = Debug|Any CPU
		{B0C282DD-AC09-4620-A86C-A3A93DDBCFBD}.Release|Any CPU.ActiveCfg = Release|Any CPU
		{B0C282DD-AC09-4620-A86C-A3A93DDBCFBD}.Release|Any CPU.Build.0 = Release|Any CPU
		{7F06106E-4BD6-4D4A-BC97-084E79BF9DEE}.Debug|Any CPU.ActiveCfg = Debug|Any CPU
		{7F06106E-4BD6-4D4A-BC97-084E79BF9DEE}.Debug|Any CPU.Build.0 = Debug|Any CPU
		{7F06106E-4BD6-4D4A-BC97-084E79BF9DEE}.Release|Any CPU.ActiveCfg = Release|Any CPU
		{7F06106E-4BD6-4D4A-BC97-084E79BF9DEE}.Release|Any CPU.Build.0 = Release|Any CPU
		{D569ABF6-A1CB-4410-81E8-57469AF80AA7}.Debug|Any CPU.ActiveCfg = Debug|Any CPU
		{D569ABF6-A1CB-4410-81E8-57469AF80AA7}.Debug|Any CPU.Build.0 = Debug|Any CPU
		{D569ABF6-A1CB-4410-81E8-57469AF80AA7}.Release|Any CPU.ActiveCfg = Release|Any CPU
		{D569ABF6-A1CB-4410-81E8-57469AF80AA7}.Release|Any CPU.Build.0 = Release|Any CPU
		{D85F19EC-4349-477D-AD91-76D5EB7D2923}.Debug|Any CPU.ActiveCfg = Debug|Any CPU
		{D85F19EC-4349-477D-AD91-76D5EB7D2923}.Debug|Any CPU.Build.0 = Debug|Any CPU
		{D85F19EC-4349-477D-AD91-76D5EB7D2923}.Release|Any CPU.ActiveCfg = Release|Any CPU
		{D85F19EC-4349-477D-AD91-76D5EB7D2923}.Release|Any CPU.Build.0 = Release|Any CPU
		{D35229A6-080D-4C6D-8BAB-02A2B3625278}.Debug|Any CPU.ActiveCfg = Debug|Any CPU
		{D35229A6-080D-4C6D-8BAB-02A2B3625278}.Debug|Any CPU.Build.0 = Debug|Any CPU
		{D35229A6-080D-4C6D-8BAB-02A2B3625278}.Release|Any CPU.ActiveCfg = Release|Any CPU
		{D35229A6-080D-4C6D-8BAB-02A2B3625278}.Release|Any CPU.Build.0 = Release|Any CPU
		{89F0F6DB-0B70-48F9-873B-9A54238E243C}.Debug|Any CPU.ActiveCfg = Debug|Any CPU
		{89F0F6DB-0B70-48F9-873B-9A54238E243C}.Debug|Any CPU.Build.0 = Debug|Any CPU
		{89F0F6DB-0B70-48F9-873B-9A54238E243C}.Release|Any CPU.ActiveCfg = Release|Any CPU
		{89F0F6DB-0B70-48F9-873B-9A54238E243C}.Release|Any CPU.Build.0 = Release|Any CPU
		{A23E06B4-1433-43FB-BB3A-942E80084768}.Debug|Any CPU.ActiveCfg = Debug|Any CPU
		{A23E06B4-1433-43FB-BB3A-942E80084768}.Debug|Any CPU.Build.0 = Debug|Any CPU
		{A23E06B4-1433-43FB-BB3A-942E80084768}.Release|Any CPU.ActiveCfg = Release|Any CPU
		{A23E06B4-1433-43FB-BB3A-942E80084768}.Release|Any CPU.Build.0 = Release|Any CPU
		{C9B3C1DC-9AA0-4591-BC7B-22E6BE356FAC}.Debug|Any CPU.ActiveCfg = Debug|Any CPU
		{C9B3C1DC-9AA0-4591-BC7B-22E6BE356FAC}.Debug|Any CPU.Build.0 = Debug|Any CPU
		{C9B3C1DC-9AA0-4591-BC7B-22E6BE356FAC}.Release|Any CPU.ActiveCfg = Release|Any CPU
		{C9B3C1DC-9AA0-4591-BC7B-22E6BE356FAC}.Release|Any CPU.Build.0 = Release|Any CPU
		{4724ABBE-2921-4660-9B44-C0BD16FE9B20}.Debug|Any CPU.ActiveCfg = Debug|Any CPU
		{4724ABBE-2921-4660-9B44-C0BD16FE9B20}.Debug|Any CPU.Build.0 = Debug|Any CPU
		{4724ABBE-2921-4660-9B44-C0BD16FE9B20}.Release|Any CPU.ActiveCfg = Release|Any CPU
		{4724ABBE-2921-4660-9B44-C0BD16FE9B20}.Release|Any CPU.Build.0 = Release|Any CPU
		{61861570-990A-4184-9388-966A089D34E9}.Debug|Any CPU.ActiveCfg = Debug|Any CPU
		{61861570-990A-4184-9388-966A089D34E9}.Debug|Any CPU.Build.0 = Debug|Any CPU
		{61861570-990A-4184-9388-966A089D34E9}.Release|Any CPU.ActiveCfg = Release|Any CPU
		{61861570-990A-4184-9388-966A089D34E9}.Release|Any CPU.Build.0 = Release|Any CPU
		{2177402B-C9BC-4D11-9C0C-7423BC063083}.Debug|Any CPU.ActiveCfg = Debug|Any CPU
		{2177402B-C9BC-4D11-9C0C-7423BC063083}.Debug|Any CPU.Build.0 = Debug|Any CPU
		{2177402B-C9BC-4D11-9C0C-7423BC063083}.Release|Any CPU.ActiveCfg = Release|Any CPU
		{2177402B-C9BC-4D11-9C0C-7423BC063083}.Release|Any CPU.Build.0 = Release|Any CPU
		{877C26F0-D3CF-461C-923D-09B35E187826}.Debug|Any CPU.ActiveCfg = Debug|Any CPU
		{877C26F0-D3CF-461C-923D-09B35E187826}.Debug|Any CPU.Build.0 = Debug|Any CPU
		{877C26F0-D3CF-461C-923D-09B35E187826}.Release|Any CPU.ActiveCfg = Release|Any CPU
		{877C26F0-D3CF-461C-923D-09B35E187826}.Release|Any CPU.Build.0 = Release|Any CPU
		{481472AE-8B8A-49F8-94BC-18488D78E00B}.Debug|Any CPU.ActiveCfg = Debug|Any CPU
		{481472AE-8B8A-49F8-94BC-18488D78E00B}.Debug|Any CPU.Build.0 = Debug|Any CPU
		{481472AE-8B8A-49F8-94BC-18488D78E00B}.Release|Any CPU.ActiveCfg = Release|Any CPU
		{481472AE-8B8A-49F8-94BC-18488D78E00B}.Release|Any CPU.Build.0 = Release|Any CPU
		{EC048534-CA0A-465B-8731-45FD39EE1A6E}.Debug|Any CPU.ActiveCfg = Debug|Any CPU
		{EC048534-CA0A-465B-8731-45FD39EE1A6E}.Debug|Any CPU.Build.0 = Debug|Any CPU
		{EC048534-CA0A-465B-8731-45FD39EE1A6E}.Release|Any CPU.ActiveCfg = Release|Any CPU
		{EC048534-CA0A-465B-8731-45FD39EE1A6E}.Release|Any CPU.Build.0 = Release|Any CPU
		{08C39292-2F85-49BE-BED2-007E2EC5719A}.Debug|Any CPU.ActiveCfg = Debug|Any CPU
		{08C39292-2F85-49BE-BED2-007E2EC5719A}.Debug|Any CPU.Build.0 = Debug|Any CPU
		{08C39292-2F85-49BE-BED2-007E2EC5719A}.Release|Any CPU.ActiveCfg = Release|Any CPU
		{08C39292-2F85-49BE-BED2-007E2EC5719A}.Release|Any CPU.Build.0 = Release|Any CPU
		{3F60DB6B-5E2B-4E30-958A-65D9B9FDFF09}.Debug|Any CPU.ActiveCfg = Debug|Any CPU
		{3F60DB6B-5E2B-4E30-958A-65D9B9FDFF09}.Debug|Any CPU.Build.0 = Debug|Any CPU
		{3F60DB6B-5E2B-4E30-958A-65D9B9FDFF09}.Release|Any CPU.ActiveCfg = Release|Any CPU
		{3F60DB6B-5E2B-4E30-958A-65D9B9FDFF09}.Release|Any CPU.Build.0 = Release|Any CPU
	EndGlobalSection
	GlobalSection(SolutionProperties) = preSolution
		HideSolutionNode = FALSE
	EndGlobalSection
	GlobalSection(NestedProjects) = preSolution
		{B6BA7B16-B825-4770-9C63-582B94E819EE} = {7C5A45CF-5B91-4499-98A3-CB1E70091D41}
		{5965783C-B71E-4B4B-AA65-74846B7A89E0} = {7C5A45CF-5B91-4499-98A3-CB1E70091D41}
		{19C98B2A-4F8F-422A-B00A-2D094BA083BE} = {7C5A45CF-5B91-4499-98A3-CB1E70091D41}
		{AB9DDF8C-4D10-432C-A5F7-B7AFF3671724} = {6CF1D8C3-B5EC-4299-8547-99C3EEFB4C84}
		{F84A247B-B01D-4B59-842B-D5C26B2E25EE} = {6CF1D8C3-B5EC-4299-8547-99C3EEFB4C84}
		{975B426B-215F-4B5E-971B-1B562C7475E7} = {6CF1D8C3-B5EC-4299-8547-99C3EEFB4C84}
		{8787EFF1-2B50-442D-A1D3-3497ECCE77D0} = {C6245E90-5EBC-43A0-8212-5196A841F509}
		{3F4ED87F-5BA8-4400-863A-E907DE88AEBF} = {C6245E90-5EBC-43A0-8212-5196A841F509}
		{B0C282DD-AC09-4620-A86C-A3A93DDBCFBD} = {C6245E90-5EBC-43A0-8212-5196A841F509}
		{7F06106E-4BD6-4D4A-BC97-084E79BF9DEE} = {3422BA65-CC1D-4CFB-8E0C-9E19A182A116}
		{D569ABF6-A1CB-4410-81E8-57469AF80AA7} = {3422BA65-CC1D-4CFB-8E0C-9E19A182A116}
		{D85F19EC-4349-477D-AD91-76D5EB7D2923} = {3422BA65-CC1D-4CFB-8E0C-9E19A182A116}
		{D35229A6-080D-4C6D-8BAB-02A2B3625278} = {3158FC86-946A-47F7-935B-FE67347ADD55}
		{89F0F6DB-0B70-48F9-873B-9A54238E243C} = {3158FC86-946A-47F7-935B-FE67347ADD55}
		{A23E06B4-1433-43FB-BB3A-942E80084768} = {3158FC86-946A-47F7-935B-FE67347ADD55}
		{C9B3C1DC-9AA0-4591-BC7B-22E6BE356FAC} = {421BF791-49AC-4F46-B275-53A36A6C8EC6}
		{4724ABBE-2921-4660-9B44-C0BD16FE9B20} = {421BF791-49AC-4F46-B275-53A36A6C8EC6}
		{61861570-990A-4184-9388-966A089D34E9} = {421BF791-49AC-4F46-B275-53A36A6C8EC6}
		{2177402B-C9BC-4D11-9C0C-7423BC063083} = {F3A986B7-02A8-4BC4-A67C-F395A2E4E3E7}
		{877C26F0-D3CF-461C-923D-09B35E187826} = {F3A986B7-02A8-4BC4-A67C-F395A2E4E3E7}
		{481472AE-8B8A-49F8-94BC-18488D78E00B} = {F3A986B7-02A8-4BC4-A67C-F395A2E4E3E7}
		{EC048534-CA0A-465B-8731-45FD39EE1A6E} = {24171E48-3EC7-4D93-809B-07144418A3F5}
		{08C39292-2F85-49BE-BED2-007E2EC5719A} = {24171E48-3EC7-4D93-809B-07144418A3F5}
		{3F60DB6B-5E2B-4E30-958A-65D9B9FDFF09} = {24171E48-3EC7-4D93-809B-07144418A3F5}
	EndGlobalSection
	GlobalSection(ExtensibilityGlobals) = postSolution
		SolutionGuid = {08B36F90-1790-463B-834F-EE3D8790A34A}
	EndGlobalSection
EndGlobal
