
Microsoft Visual Studio Solution File, Format Version 12.00
# Visual Studio Version 16
VisualStudioVersion = 16.0.33927.289
MinimumVisualStudioVersion = 10.0.40219.1
Project("{2150E333-8FDC-42A3-9474-1A3956D46DE8}") = "Task0", "Task0", "{7C5A45CF-5B91-4499-98A3-CB1E70091D41}"
EndProject
Project("{FAE04EC0-301F-11D3-BF4B-00C04F79EFBC}") = "Tyuiu.LebedevIV.Sprint3.Task0.V27", "Tyuiu.LebedevIV.Sprint3.Task0.V27\Tyuiu.LebedevIV.Sprint3.Task0.V27.csproj", "{B6BA7B16-B825-4770-9C63-582B94E819EE}"
EndProject
Project("{FAE04EC0-301F-11D3-BF4B-00C04F79EFBC}") = "Tyuiu.LebedevIV.Sprint3.Task0.V27.Test", "Tyuiu.LebedevIV.Sprint3.Task0.V27.Test\Tyuiu.LebedevIV.Sprint3.Task0.V27.Test.csproj", "{5965783C-B71E-4B4B-AA65-74846B7A89E0}"
EndProject
Project("{FAE04EC0-301F-11D3-BF4B-00C04F79EFBC}") = "Tyuiu.LebedevIV.Sprint3.Task0.V27.Lib", "Tyuiu.LebedevIV.Sprint3.Task0.V27.Lib\Tyuiu.LebedevIV.Sprint3.Task0.V27.Lib.csproj", "{19C98B2A-4F8F-422A-B00A-2D094BA083BE}"
EndProject
Project("{2150E333-8FDC-42A3-9474-1A3956D46DE8}") = "Task1", "Task1", "{6CF1D8C3-B5EC-4299-8547-99C3EEFB4C84}"
EndProject
Project("{FAE04EC0-301F-11D3-BF4B-00C04F79EFBC}") = "Tyuiu.LebedevIV.Sprint3.Task1.V11.Lib", "Tyuiu.LebedevIV.Sprint3.Task1.V11.Lib\Tyuiu.LebedevIV.Sprint3.Task1.V11.Lib.csproj", "{AB9DDF8C-4D10-432C-A5F7-B7AFF3671724}"
EndProject
Project("{FAE04EC0-301F-11D3-BF4B-00C04F79EFBC}") = "Tyuiu.LebedevIV.Sprint3.Task1.V11", "Tyuiu.LebedevIV.Sprint3.Task1.V11\Tyuiu.LebedevIV.Sprint3.Task1.V11.csproj", "{F84A247B-B01D-4B59-842B-D5C26B2E25EE}"
EndProject
Project("{FAE04EC0-301F-11D3-BF4B-00C04F79EFBC}") = "Tyuiu.LebedevIV.Sprint3.Task1.V11.Test", "Tyuiu.LebedevIV.Sprint3.Task1.V11.Test\Tyuiu.LebedevIV.Sprint3.Task1.V11.Test.csproj", "{975B426B-215F-4B5E-971B-1B562C7475E7}"
EndProject
Project("{2150E333-8FDC-42A3-9474-1A3956D46DE8}") = "Task2", "Task2", "{C6245E90-5EBC-43A0-8212-5196A841F509}"
EndProject
Project("{FAE04EC0-301F-11D3-BF4B-00C04F79EFBC}") = "Tyuiu.LebedevIV.Sprint3.Task2.V24", "Tyuiu.LebedevIV.Sprint3.Task2.V24\Tyuiu.LebedevIV.Sprint3.Task2.V24.csproj", "{8787EFF1-2B50-442D-A1D3-3497ECCE77D0}"
EndProject
Project("{FAE04EC0-301F-11D3-BF4B-00C04F79EFBC}") = "Tyuiu.LebedevIV.Sprint3.Task2.V24.Test", "Tyuiu.LebedevIV.Sprint3.Task2.V24.Test\Tyuiu.LebedevIV.Sprint3.Task2.V24.Test.csproj", "{3F4ED87F-5BA8-4400-863A-E907DE88AEBF}"
EndProject
Project("{FAE04EC0-301F-11D3-BF4B-00C04F79EFBC}") = "Tyuiu.LebedevIV.Sprint3.Task2.V24.Lib", "Tyuiu.LebedevIV.Sprint3.Task2.V24.Lib\Tyuiu.LebedevIV.Sprint3.Task2.V24.Lib.csproj", "{B0C282DD-AC09-4620-A86C-A3A93DDBCFBD}"
EndProject
Global
	GlobalSection(SolutionConfigurationPlatforms) = preSolution
		Debug|Any CPU = Debug|Any CPU
		Release|Any CPU = Release|Any CPU
	EndGlobalSection
	GlobalSection(ProjectConfigurationPlatforms) = postSolution
		{B6BA7B16-B825-4770-9C63-582B94E819EE}.Debug|Any CPU.ActiveCfg = Debug|Any CPU
		{B6BA7B16-B825-4770-9C63-582B94E819EE}.Debug|Any CPU.Build.0 = Debug|Any CPU
		{B6BA7B16-B825-4770-9C63-582B94E819EE}.Release|Any CPU.ActiveCfg = Release|Any CPU
		{B6BA7B16-B825-4770-9C63-582B94E819EE}.Release|Any CPU.Build.0 = Release|Any CPU
		{5965783C-B71E-4B4B-AA65-74846B7A89E0}.Debug|Any CPU.ActiveCfg = Debug|Any CPU
		{5965783C-B71E-4B4B-AA65-74846B7A89E0}.Debug|Any CPU.Build.0 = Debug|Any CPU
		{5965783C-B71E-4B4B-AA65-74846B7A89E0}.Release|Any CPU.ActiveCfg = Release|Any CPU
		{5965783C-B71E-4B4B-AA65-74846B7A89E0}.Release|Any CPU.Build.0 = Release|Any CPU
		{19C98B2A-4F8F-422A-B00A-2D094BA083BE}.Debug|Any CPU.ActiveCfg = Debug|Any CPU
		{19C98B2A-4F8F-422A-B00A-2D094BA083BE}.Debug|Any CPU.Build.0 = Debug|Any CPU
		{19C98B2A-4F8F-422A-B00A-2D094BA083BE}.Release|Any CPU.ActiveCfg = Release|Any CPU
		{19C98B2A-4F8F-422A-B00A-2D094BA083BE}.Release|Any CPU.Build.0 = Release|Any CPU
		{AB9DDF8C-4D10-432C-A5F7-B7AFF3671724}.Debug|Any CPU.ActiveCfg = Debug|Any CPU
		{AB9DDF8C-4D10-432C-A5F7-B7AFF3671724}.Debug|Any CPU.Build.0 = Debug|Any CPU
		{AB9DDF8C-4D10-432C-A5F7-B7AFF3671724}.Release|Any CPU.ActiveCfg = Release|Any CPU
		{AB9DDF8C-4D10-432C-A5F7-B7AFF3671724}.Release|Any CPU.Build.0 = Release|Any CPU
		{F84A247B-B01D-4B59-842B-D5C26B2E25EE}.Debug|Any CPU.ActiveCfg = Debug|Any CPU
		{F84A247B-B01D-4B59-842B-D5C26B2E25EE}.Debug|Any CPU.Build.0 = Debug|Any CPU
		{F84A247B-B01D-4B59-842B-D5C26B2E25EE}.Release|Any CPU.ActiveCfg = Release|Any CPU
		{F84A247B-B01D-4B59-842B-D5C26B2E25EE}.Release|Any CPU.Build.0 = Release|Any CPU
		{975B426B-215F-4B5E-971B-1B562C7475E7}.Debug|Any CPU.ActiveCfg = Debug|Any CPU
		{975B426B-215F-4B5E-971B-1B562C7475E7}.Debug|Any CPU.Build.0 = Debug|Any CPU
		{975B426B-215F-4B5E-971B-1B562C7475E7}.Release|Any CPU.ActiveCfg = Release|Any CPU
		{975B426B-215F-4B5E-971B-1B562C7475E7}.Release|Any CPU.Build.0 = Release|Any CPU
		{8787EFF1-2B50-442D-A1D3-3497ECCE77D0}.Debug|Any CPU.ActiveCfg = Debug|Any CPU
		{8787EFF1-2B50-442D-A1D3-3497ECCE77D0}.Debug|Any CPU.Build.0 = Debug|Any CPU
		{8787EFF1-2B50-442D-A1D3-3497ECCE77D0}.Release|Any CPU.ActiveCfg = Release|Any CPU
		{8787EFF1-2B50-442D-A1D3-3497ECCE77D0}.Release|Any CPU.Build.0 = Release|Any CPU
		{3F4ED87F-5BA8-4400-863A-E907DE88AEBF}.Debug|Any CPU.ActiveCfg = Debug|Any CPU
		{3F4ED87F-5BA8-4400-863A-E907DE88AEBF}.Debug|Any CPU.Build.0 = Debug|Any CPU
		{3F4ED87F-5BA8-4400-863A-E907DE88AEBF}.Release|Any CPU.ActiveCfg = Release|Any CPU
		{3F4ED87F-5BA8-4400-863A-E907DE88AEBF}.Release|Any CPU.Build.0 = Release|Any CPU
		{B0C282DD-AC09-4620-A86C-A3A93DDBCFBD}.Debug|Any CPU.ActiveCfg = Debug|Any CPU
		{B0C282DD-AC09-4620-A86C-A3A93DDBCFBD}.Debug|Any CPU.Build.0 = Debug|Any CPU
		{B0C282DD-AC09-4620-A86C-A3A93DDBCFBD}.Release|Any CPU.ActiveCfg = Release|Any CPU
		{B0C282DD-AC09-4620-A86C-A3A93DDBCFBD}.Release|Any CPU.Build.0 = Release|Any CPU
	EndGlobalSection
	GlobalSection(SolutionProperties) = preSolution
		HideSolutionNode = FALSE
	EndGlobalSection
	GlobalSection(NestedProjects) = preSolution
		{B6BA7B16-B825-4770-9C63-582B94E819EE} = {7C5A45CF-5B91-4499-98A3-CB1E70091D41}
		{5965783C-B71E-4B4B-AA65-74846B7A89E0} = {7C5A45CF-5B91-4499-98A3-CB1E70091D41}
		{19C98B2A-4F8F-422A-B00A-2D094BA083BE} = {7C5A45CF-5B91-4499-98A3-CB1E70091D41}
		{AB9DDF8C-4D10-432C-A5F7-B7AFF3671724} = {6CF1D8C3-B5EC-4299-8547-99C3EEFB4C84}
		{F84A247B-B01D-4B59-842B-D5C26B2E25EE} = {6CF1D8C3-B5EC-4299-8547-99C3EEFB4C84}
		{975B426B-215F-4B5E-971B-1B562C7475E7} = {6CF1D8C3-B5EC-4299-8547-99C3EEFB4C84}
		{8787EFF1-2B50-442D-A1D3-3497ECCE77D0} = {C6245E90-5EBC-43A0-8212-5196A841F509}
		{3F4ED87F-5BA8-4400-863A-E907DE88AEBF} = {C6245E90-5EBC-43A0-8212-5196A841F509}
		{B0C282DD-AC09-4620-A86C-A3A93DDBCFBD} = {C6245E90-5EBC-43A0-8212-5196A841F509}
	EndGlobalSection
	GlobalSection(ExtensibilityGlobals) = postSolution
		SolutionGuid = {08B36F90-1790-463B-834F-EE3D8790A34A}
	EndGlobalSection
EndGlobal
